
Microsoft Visual Studio Solution File, Format Version 12.00
# Visual Studio Version 17
VisualStudioVersion = 17.7.34009.444
MinimumVisualStudioVersion = 10.0.40219.1
Project("{FAE04EC0-301F-11D3-BF4B-00C04F79EFBC}") = "GestaoEscolar", "GestaoEscolar.csproj", "{D4378493-A989-4020-A841-5E818AF9450E}"
EndProject
Global
	GlobalSection(SolutionConfigurationPlatforms) = preSolution
		Debug|Any CPU = Debug|Any CPU
		Release|Any CPU = Release|Any CPU
	EndGlobalSection
	GlobalSection(ProjectConfigurationPlatforms) = postSolution
		{D4378493-A989-4020-A841-5E818AF9450E}.Debug|Any CPU.ActiveCfg = Debug|Any CPU
		{D4378493-A989-4020-A841-5E818AF9450E}.Debug|Any CPU.Build.0 = Debug|Any CPU
		{D4378493-A989-4020-A841-5E818AF9450E}.Release|Any CPU.ActiveCfg = Release|Any CPU
		{D4378493-A989-4020-A841-5E818AF9450E}.Release|Any CPU.Build.0 = Release|Any CPU
	EndGlobalSection
	GlobalSection(SolutionProperties) = preSolution
		HideSolutionNode = FALSE
	EndGlobalSection
	GlobalSection(ExtensibilityGlobals) = postSolution
		SolutionGuid = {EC31BDC3-CC14-48D0-8F23-2F9277742A8D}
	EndGlobalSection
EndGlobal
